// !$*UTF8*$!
{
	archiveVersion = 1;
	classes = {
	};
	objectVersion = 50;
	objects = {

/* Begin PBXBuildFile section */
		3B95DA74D117F89B3DFE3523 /* Pods_AutomationDemo.framework in Frameworks */ = {isa = PBXBuildFile; fileRef = EF1ACDAC6075191AB6A112D1 /* Pods_AutomationDemo.framework */; };
		9AD4BAA0C1439F8A2CF59F19 /* Pods_AutomationDemoTests.framework in Frameworks */ = {isa = PBXBuildFile; fileRef = 1566B7DDBE88CE49BB08F451 /* Pods_AutomationDemoTests.framework */; };
		C5D5CE4222142AC30070860C /* AppDelegate.swift in Sources */ = {isa = PBXBuildFile; fileRef = C5D5CE4122142AC30070860C /* AppDelegate.swift */; };
		C5D5CE4422142AC30070860C /* ViewController.swift in Sources */ = {isa = PBXBuildFile; fileRef = C5D5CE4322142AC30070860C /* ViewController.swift */; };
		C5D5CE4722142AC30070860C /* Main.storyboard in Resources */ = {isa = PBXBuildFile; fileRef = C5D5CE4522142AC30070860C /* Main.storyboard */; };
		C5D5CE4922142AC30070860C /* Assets.xcassets in Resources */ = {isa = PBXBuildFile; fileRef = C5D5CE4822142AC30070860C /* Assets.xcassets */; };
		C5D5CE4C22142AC30070860C /* LaunchScreen.storyboard in Resources */ = {isa = PBXBuildFile; fileRef = C5D5CE4A22142AC30070860C /* LaunchScreen.storyboard */; };
		C5D5CE5722142AC30070860C /* AutomationDemoTests.swift in Sources */ = {isa = PBXBuildFile; fileRef = C5D5CE5622142AC30070860C /* AutomationDemoTests.swift */; };
		C5D5CE9222143B0C0070860C /* AutomationDemoUITests.swift in Sources */ = {isa = PBXBuildFile; fileRef = C5D5CE9122143B0C0070860C /* AutomationDemoUITests.swift */; };
		C5D5CE9A22143B350070860C /* SnapshotHelper.swift in Sources */ = {isa = PBXBuildFile; fileRef = C5D5CE9922143B350070860C /* SnapshotHelper.swift */; };
/* End PBXBuildFile section */

/* Begin PBXContainerItemProxy section */
		C5D5CE5322142AC30070860C /* PBXContainerItemProxy */ = {
			isa = PBXContainerItemProxy;
			containerPortal = C5D5CE3622142AC30070860C /* Project object */;
			proxyType = 1;
			remoteGlobalIDString = C5D5CE3D22142AC30070860C;
			remoteInfo = AutomationDemo;
		};
		C5D5CE9422143B0C0070860C /* PBXContainerItemProxy */ = {
			isa = PBXContainerItemProxy;
			containerPortal = C5D5CE3622142AC30070860C /* Project object */;
			proxyType = 1;
			remoteGlobalIDString = C5D5CE3D22142AC30070860C;
			remoteInfo = AutomationDemo;
		};
/* End PBXContainerItemProxy section */

/* Begin PBXFileReference section */
		01749A82E5FCB2BA0877B5F7 /* Pods-AutomationDemoTests.debug.xcconfig */ = {isa = PBXFileReference; includeInIndex = 1; lastKnownFileType = text.xcconfig; name = "Pods-AutomationDemoTests.debug.xcconfig"; path = "Pods/Target Support Files/Pods-AutomationDemoTests/Pods-AutomationDemoTests.debug.xcconfig"; sourceTree = "<group>"; };
		1566B7DDBE88CE49BB08F451 /* Pods_AutomationDemoTests.framework */ = {isa = PBXFileReference; explicitFileType = wrapper.framework; includeInIndex = 0; path = Pods_AutomationDemoTests.framework; sourceTree = BUILT_PRODUCTS_DIR; };
		3B93788F3BC59D47B2795CDF /* Pods-AutomationDemoTests.release.xcconfig */ = {isa = PBXFileReference; includeInIndex = 1; lastKnownFileType = text.xcconfig; name = "Pods-AutomationDemoTests.release.xcconfig"; path = "Pods/Target Support Files/Pods-AutomationDemoTests/Pods-AutomationDemoTests.release.xcconfig"; sourceTree = "<group>"; };
		51BDFDC5FE61B1C8F1A8524A /* Pods-AutomationDemo.release.xcconfig */ = {isa = PBXFileReference; includeInIndex = 1; lastKnownFileType = text.xcconfig; name = "Pods-AutomationDemo.release.xcconfig"; path = "Pods/Target Support Files/Pods-AutomationDemo/Pods-AutomationDemo.release.xcconfig"; sourceTree = "<group>"; };
		6E3887FA92440B1D18D053B3 /* Pods-AutomationDemo.debug.xcconfig */ = {isa = PBXFileReference; includeInIndex = 1; lastKnownFileType = text.xcconfig; name = "Pods-AutomationDemo.debug.xcconfig"; path = "Pods/Target Support Files/Pods-AutomationDemo/Pods-AutomationDemo.debug.xcconfig"; sourceTree = "<group>"; };
		C5D5CE3E22142AC30070860C /* AutomationDemo.app */ = {isa = PBXFileReference; explicitFileType = wrapper.application; includeInIndex = 0; path = AutomationDemo.app; sourceTree = BUILT_PRODUCTS_DIR; };
		C5D5CE4122142AC30070860C /* AppDelegate.swift */ = {isa = PBXFileReference; lastKnownFileType = sourcecode.swift; path = AppDelegate.swift; sourceTree = "<group>"; };
		C5D5CE4322142AC30070860C /* ViewController.swift */ = {isa = PBXFileReference; lastKnownFileType = sourcecode.swift; path = ViewController.swift; sourceTree = "<group>"; };
		C5D5CE4622142AC30070860C /* Base */ = {isa = PBXFileReference; lastKnownFileType = file.storyboard; name = Base; path = Base.lproj/Main.storyboard; sourceTree = "<group>"; };
		C5D5CE4822142AC30070860C /* Assets.xcassets */ = {isa = PBXFileReference; lastKnownFileType = folder.assetcatalog; path = Assets.xcassets; sourceTree = "<group>"; };
		C5D5CE4B22142AC30070860C /* Base */ = {isa = PBXFileReference; lastKnownFileType = file.storyboard; name = Base; path = Base.lproj/LaunchScreen.storyboard; sourceTree = "<group>"; };
		C5D5CE4D22142AC30070860C /* Info.plist */ = {isa = PBXFileReference; lastKnownFileType = text.plist.xml; path = Info.plist; sourceTree = "<group>"; };
		C5D5CE5222142AC30070860C /* AutomationDemoTests.xctest */ = {isa = PBXFileReference; explicitFileType = wrapper.cfbundle; includeInIndex = 0; path = AutomationDemoTests.xctest; sourceTree = BUILT_PRODUCTS_DIR; };
		C5D5CE5622142AC30070860C /* AutomationDemoTests.swift */ = {isa = PBXFileReference; lastKnownFileType = sourcecode.swift; path = AutomationDemoTests.swift; sourceTree = "<group>"; };
		C5D5CE5822142AC30070860C /* Info.plist */ = {isa = PBXFileReference; lastKnownFileType = text.plist.xml; path = Info.plist; sourceTree = "<group>"; };
		C5D5CE8F22143B0C0070860C /* AutomationDemoUITests.xctest */ = {isa = PBXFileReference; explicitFileType = wrapper.cfbundle; includeInIndex = 0; path = AutomationDemoUITests.xctest; sourceTree = BUILT_PRODUCTS_DIR; };
		C5D5CE9122143B0C0070860C /* AutomationDemoUITests.swift */ = {isa = PBXFileReference; lastKnownFileType = sourcecode.swift; path = AutomationDemoUITests.swift; sourceTree = "<group>"; };
		C5D5CE9322143B0C0070860C /* Info.plist */ = {isa = PBXFileReference; lastKnownFileType = text.plist.xml; path = Info.plist; sourceTree = "<group>"; };
		C5D5CE9922143B350070860C /* SnapshotHelper.swift */ = {isa = PBXFileReference; lastKnownFileType = sourcecode.swift; path = SnapshotHelper.swift; sourceTree = "<group>"; };
		EF1ACDAC6075191AB6A112D1 /* Pods_AutomationDemo.framework */ = {isa = PBXFileReference; explicitFileType = wrapper.framework; includeInIndex = 0; path = Pods_AutomationDemo.framework; sourceTree = BUILT_PRODUCTS_DIR; };
/* End PBXFileReference section */

/* Begin PBXFrameworksBuildPhase section */
		C5D5CE3B22142AC30070860C /* Frameworks */ = {
			isa = PBXFrameworksBuildPhase;
			buildActionMask = 2147483647;
			files = (
				3B95DA74D117F89B3DFE3523 /* Pods_AutomationDemo.framework in Frameworks */,
			);
			runOnlyForDeploymentPostprocessing = 0;
		};
		C5D5CE4F22142AC30070860C /* Frameworks */ = {
			isa = PBXFrameworksBuildPhase;
			buildActionMask = 2147483647;
			files = (
				9AD4BAA0C1439F8A2CF59F19 /* Pods_AutomationDemoTests.framework in Frameworks */,
			);
			runOnlyForDeploymentPostprocessing = 0;
		};
		C5D5CE8C22143B0C0070860C /* Frameworks */ = {
			isa = PBXFrameworksBuildPhase;
			buildActionMask = 2147483647;
			files = (
			);
			runOnlyForDeploymentPostprocessing = 0;
		};
/* End PBXFrameworksBuildPhase section */

/* Begin PBXGroup section */
		27F247A2041C504499A66213 /* Frameworks */ = {
			isa = PBXGroup;
			children = (
				EF1ACDAC6075191AB6A112D1 /* Pods_AutomationDemo.framework */,
				1566B7DDBE88CE49BB08F451 /* Pods_AutomationDemoTests.framework */,
			);
			name = Frameworks;
			sourceTree = "<group>";
		};
		C5D5CE3522142AC30070860C = {
			isa = PBXGroup;
			children = (
				C5D5CE4022142AC30070860C /* AutomationDemo */,
				C5D5CE5522142AC30070860C /* AutomationDemoTests */,
				C5D5CE9022143B0C0070860C /* AutomationDemoUITests */,
				C5D5CE3F22142AC30070860C /* Products */,
				CF88F5A3D217B0A679C1F8B0 /* Pods */,
				27F247A2041C504499A66213 /* Frameworks */,
			);
			sourceTree = "<group>";
		};
		C5D5CE3F22142AC30070860C /* Products */ = {
			isa = PBXGroup;
			children = (
				C5D5CE3E22142AC30070860C /* AutomationDemo.app */,
				C5D5CE5222142AC30070860C /* AutomationDemoTests.xctest */,
				C5D5CE8F22143B0C0070860C /* AutomationDemoUITests.xctest */,
			);
			name = Products;
			sourceTree = "<group>";
		};
		C5D5CE4022142AC30070860C /* AutomationDemo */ = {
			isa = PBXGroup;
			children = (
				C5D5CE4122142AC30070860C /* AppDelegate.swift */,
				C5D5CE4322142AC30070860C /* ViewController.swift */,
				C5D5CE4522142AC30070860C /* Main.storyboard */,
				C5D5CE4822142AC30070860C /* Assets.xcassets */,
				C5D5CE4A22142AC30070860C /* LaunchScreen.storyboard */,
				C5D5CE4D22142AC30070860C /* Info.plist */,
			);
			path = AutomationDemo;
			sourceTree = "<group>";
		};
		C5D5CE5522142AC30070860C /* AutomationDemoTests */ = {
			isa = PBXGroup;
			children = (
				C5D5CE5622142AC30070860C /* AutomationDemoTests.swift */,
				C5D5CE5822142AC30070860C /* Info.plist */,
			);
			path = AutomationDemoTests;
			sourceTree = "<group>";
		};
		C5D5CE9022143B0C0070860C /* AutomationDemoUITests */ = {
			isa = PBXGroup;
			children = (
				C5D5CE9122143B0C0070860C /* AutomationDemoUITests.swift */,
				C5D5CE9322143B0C0070860C /* Info.plist */,
				C5D5CE9922143B350070860C /* SnapshotHelper.swift */,
			);
			path = AutomationDemoUITests;
			sourceTree = "<group>";
		};
		CF88F5A3D217B0A679C1F8B0 /* Pods */ = {
			isa = PBXGroup;
			children = (
				6E3887FA92440B1D18D053B3 /* Pods-AutomationDemo.debug.xcconfig */,
				51BDFDC5FE61B1C8F1A8524A /* Pods-AutomationDemo.release.xcconfig */,
				01749A82E5FCB2BA0877B5F7 /* Pods-AutomationDemoTests.debug.xcconfig */,
				3B93788F3BC59D47B2795CDF /* Pods-AutomationDemoTests.release.xcconfig */,
			);
			name = Pods;
			sourceTree = "<group>";
		};
/* End PBXGroup section */

/* Begin PBXNativeTarget section */
		C5D5CE3D22142AC30070860C /* AutomationDemo */ = {
			isa = PBXNativeTarget;
			buildConfigurationList = C5D5CE5B22142AC30070860C /* Build configuration list for PBXNativeTarget "AutomationDemo" */;
			buildPhases = (
				A92B680B3D85CAD6C5DD8F6C /* [CP] Check Pods Manifest.lock */,
				C5D5CE3A22142AC30070860C /* Sources */,
				C5D5CE3B22142AC30070860C /* Frameworks */,
				C5D5CE3C22142AC30070860C /* Resources */,
			);
			buildRules = (
			);
			dependencies = (
			);
			name = AutomationDemo;
			productName = AutomationDemo;
			productReference = C5D5CE3E22142AC30070860C /* AutomationDemo.app */;
			productType = "com.apple.product-type.application";
		};
		C5D5CE5122142AC30070860C /* AutomationDemoTests */ = {
			isa = PBXNativeTarget;
			buildConfigurationList = C5D5CE5E22142AC30070860C /* Build configuration list for PBXNativeTarget "AutomationDemoTests" */;
			buildPhases = (
				6499310939FE2C7DD53E7E5D /* [CP] Check Pods Manifest.lock */,
				C5D5CE4E22142AC30070860C /* Sources */,
				C5D5CE4F22142AC30070860C /* Frameworks */,
				C5D5CE5022142AC30070860C /* Resources */,
			);
			buildRules = (
			);
			dependencies = (
				C5D5CE5422142AC30070860C /* PBXTargetDependency */,
			);
			name = AutomationDemoTests;
			productName = AutomationDemoTests;
			productReference = C5D5CE5222142AC30070860C /* AutomationDemoTests.xctest */;
			productType = "com.apple.product-type.bundle.unit-test";
		};
		C5D5CE8E22143B0C0070860C /* AutomationDemoUITests */ = {
			isa = PBXNativeTarget;
			buildConfigurationList = C5D5CE9622143B0C0070860C /* Build configuration list for PBXNativeTarget "AutomationDemoUITests" */;
			buildPhases = (
				C5D5CE8B22143B0C0070860C /* Sources */,
				C5D5CE8C22143B0C0070860C /* Frameworks */,
				C5D5CE8D22143B0C0070860C /* Resources */,
			);
			buildRules = (
			);
			dependencies = (
				C5D5CE9522143B0C0070860C /* PBXTargetDependency */,
			);
			name = AutomationDemoUITests;
			productName = AutomationDemoUITests;
			productReference = C5D5CE8F22143B0C0070860C /* AutomationDemoUITests.xctest */;
			productType = "com.apple.product-type.bundle.ui-testing";
		};
/* End PBXNativeTarget section */

/* Begin PBXProject section */
		C5D5CE3622142AC30070860C /* Project object */ = {
			isa = PBXProject;
			attributes = {
				LastSwiftUpdateCheck = 1010;
				LastUpgradeCheck = 1010;
				ORGANIZATIONNAME = ahmed.ehab;
				TargetAttributes = {
					C5D5CE3D22142AC30070860C = {
						CreatedOnToolsVersion = 10.1;
					};
					C5D5CE5122142AC30070860C = {
						CreatedOnToolsVersion = 10.1;
						TestTargetID = C5D5CE3D22142AC30070860C;
					};
					C5D5CE8E22143B0C0070860C = {
						CreatedOnToolsVersion = 10.1;
						TestTargetID = C5D5CE3D22142AC30070860C;
					};
				};
			};
			buildConfigurationList = C5D5CE3922142AC30070860C /* Build configuration list for PBXProject "AutomationDemo" */;
			compatibilityVersion = "Xcode 9.3";
			developmentRegion = en;
			hasScannedForEncodings = 0;
			knownRegions = (
				en,
				Base,
			);
			mainGroup = C5D5CE3522142AC30070860C;
			productRefGroup = C5D5CE3F22142AC30070860C /* Products */;
			projectDirPath = "";
			projectRoot = "";
			targets = (
				C5D5CE3D22142AC30070860C /* AutomationDemo */,
				C5D5CE5122142AC30070860C /* AutomationDemoTests */,
				C5D5CE8E22143B0C0070860C /* AutomationDemoUITests */,
			);
		};
/* End PBXProject section */

/* Begin PBXResourcesBuildPhase section */
		C5D5CE3C22142AC30070860C /* Resources */ = {
			isa = PBXResourcesBuildPhase;
			buildActionMask = 2147483647;
			files = (
				C5D5CE4C22142AC30070860C /* LaunchScreen.storyboard in Resources */,
				C5D5CE4922142AC30070860C /* Assets.xcassets in Resources */,
				C5D5CE4722142AC30070860C /* Main.storyboard in Resources */,
			);
			runOnlyForDeploymentPostprocessing = 0;
		};
		C5D5CE5022142AC30070860C /* Resources */ = {
			isa = PBXResourcesBuildPhase;
			buildActionMask = 2147483647;
			files = (
			);
			runOnlyForDeploymentPostprocessing = 0;
		};
		C5D5CE8D22143B0C0070860C /* Resources */ = {
			isa = PBXResourcesBuildPhase;
			buildActionMask = 2147483647;
			files = (
			);
			runOnlyForDeploymentPostprocessing = 0;
		};
/* End PBXResourcesBuildPhase section */

/* Begin PBXShellScriptBuildPhase section */
		6499310939FE2C7DD53E7E5D /* [CP] Check Pods Manifest.lock */ = {
			isa = PBXShellScriptBuildPhase;
			buildActionMask = 2147483647;
			files = (
			);
			inputFileListPaths = (
			);
			inputPaths = (
				"${PODS_PODFILE_DIR_PATH}/Podfile.lock",
				"${PODS_ROOT}/Manifest.lock",
			);
			name = "[CP] Check Pods Manifest.lock";
			outputFileListPaths = (
			);
			outputPaths = (
				"$(DERIVED_FILE_DIR)/Pods-AutomationDemoTests-checkManifestLockResult.txt",
			);
			runOnlyForDeploymentPostprocessing = 0;
			shellPath = /bin/sh;
			shellScript = "diff \"${PODS_PODFILE_DIR_PATH}/Podfile.lock\" \"${PODS_ROOT}/Manifest.lock\" > /dev/null\nif [ $? != 0 ] ; then\n    # print error to STDERR\n    echo \"error: The sandbox is not in sync with the Podfile.lock. Run 'pod install' or update your CocoaPods installation.\" >&2\n    exit 1\nfi\n# This output is used by Xcode 'outputs' to avoid re-running this script phase.\necho \"SUCCESS\" > \"${SCRIPT_OUTPUT_FILE_0}\"\n";
			showEnvVarsInLog = 0;
		};
		A92B680B3D85CAD6C5DD8F6C /* [CP] Check Pods Manifest.lock */ = {
			isa = PBXShellScriptBuildPhase;
			buildActionMask = 2147483647;
			files = (
			);
			inputFileListPaths = (
			);
			inputPaths = (
				"${PODS_PODFILE_DIR_PATH}/Podfile.lock",
				"${PODS_ROOT}/Manifest.lock",
			);
			name = "[CP] Check Pods Manifest.lock";
			outputFileListPaths = (
			);
			outputPaths = (
				"$(DERIVED_FILE_DIR)/Pods-AutomationDemo-checkManifestLockResult.txt",
			);
			runOnlyForDeploymentPostprocessing = 0;
			shellPath = /bin/sh;
			shellScript = "diff \"${PODS_PODFILE_DIR_PATH}/Podfile.lock\" \"${PODS_ROOT}/Manifest.lock\" > /dev/null\nif [ $? != 0 ] ; then\n    # print error to STDERR\n    echo \"error: The sandbox is not in sync with the Podfile.lock. Run 'pod install' or update your CocoaPods installation.\" >&2\n    exit 1\nfi\n# This output is used by Xcode 'outputs' to avoid re-running this script phase.\necho \"SUCCESS\" > \"${SCRIPT_OUTPUT_FILE_0}\"\n";
			showEnvVarsInLog = 0;
		};
/* End PBXShellScriptBuildPhase section */

/* Begin PBXSourcesBuildPhase section */
		C5D5CE3A22142AC30070860C /* Sources */ = {
			isa = PBXSourcesBuildPhase;
			buildActionMask = 2147483647;
			files = (
				C5D5CE4422142AC30070860C /* ViewController.swift in Sources */,
				C5D5CE4222142AC30070860C /* AppDelegate.swift in Sources */,
			);
			runOnlyForDeploymentPostprocessing = 0;
		};
		C5D5CE4E22142AC30070860C /* Sources */ = {
			isa = PBXSourcesBuildPhase;
			buildActionMask = 2147483647;
			files = (
				C5D5CE5722142AC30070860C /* AutomationDemoTests.swift in Sources */,
			);
			runOnlyForDeploymentPostprocessing = 0;
		};
		C5D5CE8B22143B0C0070860C /* Sources */ = {
			isa = PBXSourcesBuildPhase;
			buildActionMask = 2147483647;
			files = (
				C5D5CE9222143B0C0070860C /* AutomationDemoUITests.swift in Sources */,
				C5D5CE9A22143B350070860C /* SnapshotHelper.swift in Sources */,
			);
			runOnlyForDeploymentPostprocessing = 0;
		};
/* End PBXSourcesBuildPhase section */

/* Begin PBXTargetDependency section */
		C5D5CE5422142AC30070860C /* PBXTargetDependency */ = {
			isa = PBXTargetDependency;
			target = C5D5CE3D22142AC30070860C /* AutomationDemo */;
			targetProxy = C5D5CE5322142AC30070860C /* PBXContainerItemProxy */;
		};
		C5D5CE9522143B0C0070860C /* PBXTargetDependency */ = {
			isa = PBXTargetDependency;
			target = C5D5CE3D22142AC30070860C /* AutomationDemo */;
			targetProxy = C5D5CE9422143B0C0070860C /* PBXContainerItemProxy */;
		};
/* End PBXTargetDependency section */

/* Begin PBXVariantGroup section */
		C5D5CE4522142AC30070860C /* Main.storyboard */ = {
			isa = PBXVariantGroup;
			children = (
				C5D5CE4622142AC30070860C /* Base */,
			);
			name = Main.storyboard;
			sourceTree = "<group>";
		};
		C5D5CE4A22142AC30070860C /* LaunchScreen.storyboard */ = {
			isa = PBXVariantGroup;
			children = (
				C5D5CE4B22142AC30070860C /* Base */,
			);
			name = LaunchScreen.storyboard;
			sourceTree = "<group>";
		};
/* End PBXVariantGroup section */

/* Begin XCBuildConfiguration section */
		C5D5CE5922142AC30070860C /* Debug */ = {
			isa = XCBuildConfiguration;
			buildSettings = {
				ALWAYS_SEARCH_USER_PATHS = NO;
				CLANG_ANALYZER_NONNULL = YES;
				CLANG_ANALYZER_NUMBER_OBJECT_CONVERSION = YES_AGGRESSIVE;
				CLANG_CXX_LANGUAGE_STANDARD = "gnu++14";
				CLANG_CXX_LIBRARY = "libc++";
				CLANG_ENABLE_MODULES = YES;
				CLANG_ENABLE_OBJC_ARC = YES;
				CLANG_ENABLE_OBJC_WEAK = YES;
				CLANG_WARN_BLOCK_CAPTURE_AUTORELEASING = YES;
				CLANG_WARN_BOOL_CONVERSION = YES;
				CLANG_WARN_COMMA = YES;
				CLANG_WARN_CONSTANT_CONVERSION = YES;
				CLANG_WARN_DEPRECATED_OBJC_IMPLEMENTATIONS = YES;
				CLANG_WARN_DIRECT_OBJC_ISA_USAGE = YES_ERROR;
				CLANG_WARN_DOCUMENTATION_COMMENTS = YES;
				CLANG_WARN_EMPTY_BODY = YES;
				CLANG_WARN_ENUM_CONVERSION = YES;
				CLANG_WARN_INFINITE_RECURSION = YES;
				CLANG_WARN_INT_CONVERSION = YES;
				CLANG_WARN_NON_LITERAL_NULL_CONVERSION = YES;
				CLANG_WARN_OBJC_IMPLICIT_RETAIN_SELF = YES;
				CLANG_WARN_OBJC_LITERAL_CONVERSION = YES;
				CLANG_WARN_OBJC_ROOT_CLASS = YES_ERROR;
				CLANG_WARN_RANGE_LOOP_ANALYSIS = YES;
				CLANG_WARN_STRICT_PROTOTYPES = YES;
				CLANG_WARN_SUSPICIOUS_MOVE = YES;
				CLANG_WARN_UNGUARDED_AVAILABILITY = YES_AGGRESSIVE;
				CLANG_WARN_UNREACHABLE_CODE = YES;
				CLANG_WARN__DUPLICATE_METHOD_MATCH = YES;
				CODE_SIGN_IDENTITY = "iPhone Developer";
				COPY_PHASE_STRIP = NO;
				DEBUG_INFORMATION_FORMAT = dwarf;
				ENABLE_STRICT_OBJC_MSGSEND = YES;
				ENABLE_TESTABILITY = YES;
				GCC_C_LANGUAGE_STANDARD = gnu11;
				GCC_DYNAMIC_NO_PIC = NO;
				GCC_NO_COMMON_BLOCKS = YES;
				GCC_OPTIMIZATION_LEVEL = 0;
				GCC_PREPROCESSOR_DEFINITIONS = (
					"DEBUG=1",
					"$(inherited)",
				);
				GCC_WARN_64_TO_32_BIT_CONVERSION = YES;
				GCC_WARN_ABOUT_RETURN_TYPE = YES_ERROR;
				GCC_WARN_UNDECLARED_SELECTOR = YES;
				GCC_WARN_UNINITIALIZED_AUTOS = YES_AGGRESSIVE;
				GCC_WARN_UNUSED_FUNCTION = YES;
				GCC_WARN_UNUSED_VARIABLE = YES;
				IPHONEOS_DEPLOYMENT_TARGET = 12.1;
				MTL_ENABLE_DEBUG_INFO = INCLUDE_SOURCE;
				MTL_FAST_MATH = YES;
				ONLY_ACTIVE_ARCH = YES;
				SDKROOT = iphoneos;
				SWIFT_ACTIVE_COMPILATION_CONDITIONS = DEBUG;
				SWIFT_OPTIMIZATION_LEVEL = "-Onone";
			};
			name = Debug;
		};
		C5D5CE5A22142AC30070860C /* Release */ = {
			isa = XCBuildConfiguration;
			buildSettings = {
				ALWAYS_SEARCH_USER_PATHS = NO;
				CLANG_ANALYZER_NONNULL = YES;
				CLANG_ANALYZER_NUMBER_OBJECT_CONVERSION = YES_AGGRESSIVE;
				CLANG_CXX_LANGUAGE_STANDARD = "gnu++14";
				CLANG_CXX_LIBRARY = "libc++";
				CLANG_ENABLE_MODULES = YES;
				CLANG_ENABLE_OBJC_ARC = YES;
				CLANG_ENABLE_OBJC_WEAK = YES;
				CLANG_WARN_BLOCK_CAPTURE_AUTORELEASING = YES;
				CLANG_WARN_BOOL_CONVERSION = YES;
				CLANG_WARN_COMMA = YES;
				CLANG_WARN_CONSTANT_CONVERSION = YES;
				CLANG_WARN_DEPRECATED_OBJC_IMPLEMENTATIONS = YES;
				CLANG_WARN_DIRECT_OBJC_ISA_USAGE = YES_ERROR;
				CLANG_WARN_DOCUMENTATION_COMMENTS = YES;
				CLANG_WARN_EMPTY_BODY = YES;
				CLANG_WARN_ENUM_CONVERSION = YES;
				CLANG_WARN_INFINITE_RECURSION = YES;
				CLANG_WARN_INT_CONVERSION = YES;
				CLANG_WARN_NON_LITERAL_NULL_CONVERSION = YES;
				CLANG_WARN_OBJC_IMPLICIT_RETAIN_SELF = YES;
				CLANG_WARN_OBJC_LITERAL_CONVERSION = YES;
				CLANG_WARN_OBJC_ROOT_CLASS = YES_ERROR;
				CLANG_WARN_RANGE_LOOP_ANALYSIS = YES;
				CLANG_WARN_STRICT_PROTOTYPES = YES;
				CLANG_WARN_SUSPICIOUS_MOVE = YES;
				CLANG_WARN_UNGUARDED_AVAILABILITY = YES_AGGRESSIVE;
				CLANG_WARN_UNREACHABLE_CODE = YES;
				CLANG_WARN__DUPLICATE_METHOD_MATCH = YES;
				CODE_SIGN_IDENTITY = "iPhone Developer";
				COPY_PHASE_STRIP = NO;
				DEBUG_INFORMATION_FORMAT = "dwarf-with-dsym";
				ENABLE_NS_ASSERTIONS = NO;
				ENABLE_STRICT_OBJC_MSGSEND = YES;
				GCC_C_LANGUAGE_STANDARD = gnu11;
				GCC_NO_COMMON_BLOCKS = YES;
				GCC_WARN_64_TO_32_BIT_CONVERSION = YES;
				GCC_WARN_ABOUT_RETURN_TYPE = YES_ERROR;
				GCC_WARN_UNDECLARED_SELECTOR = YES;
				GCC_WARN_UNINITIALIZED_AUTOS = YES_AGGRESSIVE;
				GCC_WARN_UNUSED_FUNCTION = YES;
				GCC_WARN_UNUSED_VARIABLE = YES;
				IPHONEOS_DEPLOYMENT_TARGET = 12.1;
				MTL_ENABLE_DEBUG_INFO = NO;
				MTL_FAST_MATH = YES;
				SDKROOT = iphoneos;
				SWIFT_COMPILATION_MODE = wholemodule;
				SWIFT_OPTIMIZATION_LEVEL = "-O";
				VALIDATE_PRODUCT = YES;
			};
			name = Release;
		};
		C5D5CE5C22142AC30070860C /* Debug */ = {
			isa = XCBuildConfiguration;
			baseConfigurationReference = 6E3887FA92440B1D18D053B3 /* Pods-AutomationDemo.debug.xcconfig */;
			buildSettings = {
				ASSETCATALOG_COMPILER_APPICON_NAME = AppIcon;
				CODE_SIGN_STYLE = Automatic;
				DEVELOPMENT_TEAM = 8HFLYY4VU6;
				INFOPLIST_FILE = AutomationDemo/Info.plist;
				LD_RUNPATH_SEARCH_PATHS = (
					"$(inherited)",
					"@executable_path/Frameworks",
				);
				PRODUCT_BUNDLE_IDENTIFIER = com.automation;
				PRODUCT_NAME = "$(TARGET_NAME)";
				SWIFT_VERSION = 4.2;
				TARGETED_DEVICE_FAMILY = "1,2";
			};
			name = Debug;
		};
		C5D5CE5D22142AC30070860C /* Release */ = {
			isa = XCBuildConfiguration;
			baseConfigurationReference = 51BDFDC5FE61B1C8F1A8524A /* Pods-AutomationDemo.release.xcconfig */;
			buildSettings = {
				ASSETCATALOG_COMPILER_APPICON_NAME = AppIcon;
				CODE_SIGN_STYLE = Automatic;
				DEVELOPMENT_TEAM = 8HFLYY4VU6;
				INFOPLIST_FILE = AutomationDemo/Info.plist;
				LD_RUNPATH_SEARCH_PATHS = (
					"$(inherited)",
					"@executable_path/Frameworks",
				);
				PRODUCT_BUNDLE_IDENTIFIER = com.automation;
				PRODUCT_NAME = "$(TARGET_NAME)";
				SWIFT_VERSION = 4.2;
				TARGETED_DEVICE_FAMILY = "1,2";
			};
			name = Release;
		};
		C5D5CE5F22142AC30070860C /* Debug */ = {
			isa = XCBuildConfiguration;
			baseConfigurationReference = 01749A82E5FCB2BA0877B5F7 /* Pods-AutomationDemoTests.debug.xcconfig */;
			buildSettings = {
				ALWAYS_EMBED_SWIFT_STANDARD_LIBRARIES = YES;
				BUNDLE_LOADER = "$(TEST_HOST)";
				CODE_SIGN_STYLE = Automatic;
				DEVELOPMENT_TEAM = 6CSKQ286Y3;
				INFOPLIST_FILE = AutomationDemoTests/Info.plist;
				LD_RUNPATH_SEARCH_PATHS = (
					"$(inherited)",
					"@executable_path/Frameworks",
					"@loader_path/Frameworks",
				);
				PRODUCT_BUNDLE_IDENTIFIER = com.ar.rubikal.AutomationDemoTests;
				PRODUCT_NAME = "$(TARGET_NAME)";
				SWIFT_VERSION = 4.2;
				TARGETED_DEVICE_FAMILY = "1,2";
				TEST_HOST = "$(BUILT_PRODUCTS_DIR)/AutomationDemo.app/AutomationDemo";
			};
			name = Debug;
		};
		C5D5CE6022142AC30070860C /* Release */ = {
			isa = XCBuildConfiguration;
			baseConfigurationReference = 3B93788F3BC59D47B2795CDF /* Pods-AutomationDemoTests.release.xcconfig */;
			buildSettings = {
				ALWAYS_EMBED_SWIFT_STANDARD_LIBRARIES = YES;
				BUNDLE_LOADER = "$(TEST_HOST)";
				CODE_SIGN_STYLE = Automatic;
				DEVELOPMENT_TEAM = 6CSKQ286Y3;
				INFOPLIST_FILE = AutomationDemoTests/Info.plist;
				LD_RUNPATH_SEARCH_PATHS = (
					"$(inherited)",
					"@executable_path/Frameworks",
					"@loader_path/Frameworks",
				);
				PRODUCT_BUNDLE_IDENTIFIER = com.ar.rubikal.AutomationDemoTests;
				PRODUCT_NAME = "$(TARGET_NAME)";
				SWIFT_VERSION = 4.2;
				TARGETED_DEVICE_FAMILY = "1,2";
				TEST_HOST = "$(BUILT_PRODUCTS_DIR)/AutomationDemo.app/AutomationDemo";
			};
			name = Release;
		};
		C5D5CE9722143B0C0070860C /* Debug */ = {
			isa = XCBuildConfiguration;
			buildSettings = {
				CODE_SIGN_STYLE = Automatic;
				DEVELOPMENT_TEAM = 8HFLYY4VU6;
				INFOPLIST_FILE = AutomationDemoUITests/Info.plist;
				LD_RUNPATH_SEARCH_PATHS = (
					"$(inherited)",
					"@executable_path/Frameworks",
					"@loader_path/Frameworks",
				);
				PRODUCT_BUNDLE_IDENTIFIER = com.automation.AutomationDemoUITests;
				PRODUCT_NAME = "$(TARGET_NAME)";
				SWIFT_VERSION = 4.2;
				TARGETED_DEVICE_FAMILY = "1,2";
				TEST_TARGET_NAME = AutomationDemo;
			};
			name = Debug;
		};
		C5D5CE9822143B0C0070860C /* Release */ = {
			isa = XCBuildConfiguration;
			buildSettings = {
				CODE_SIGN_STYLE = Automatic;
				DEVELOPMENT_TEAM = 8HFLYY4VU6;
				INFOPLIST_FILE = AutomationDemoUITests/Info.plist;
				LD_RUNPATH_SEARCH_PATHS = (
					"$(inherited)",
					"@executable_path/Frameworks",
					"@loader_path/Frameworks",
				);
				PRODUCT_BUNDLE_IDENTIFIER = com.automation.AutomationDemoUITests;
				PRODUCT_NAME = "$(TARGET_NAME)";
				SWIFT_VERSION = 4.2;
				TARGETED_DEVICE_FAMILY = "1,2";
				TEST_TARGET_NAME = AutomationDemo;
			};
			name = Release;
		};
/* End XCBuildConfiguration section */

/* Begin XCConfigurationList section */
		C5D5CE3922142AC30070860C /* Build configuration list for PBXProject "AutomationDemo" */ = {
			isa = XCConfigurationList;
			buildConfigurations = (
				C5D5CE5922142AC30070860C /* Debug */,
				C5D5CE5A22142AC30070860C /* Release */,
			);
			defaultConfigurationIsVisible = 0;
			defaultConfigurationName = Release;
		};
		C5D5CE5B22142AC30070860C /* Build configuration list for PBXNativeTarget "AutomationDemo" */ = {
			isa = XCConfigurationList;
			buildConfigurations = (
				C5D5CE5C22142AC30070860C /* Debug */,
				C5D5CE5D22142AC30070860C /* Release */,
			);
			defaultConfigurationIsVisible = 0;
			defaultConfigurationName = Release;
		};
		C5D5CE5E22142AC30070860C /* Build configuration list for PBXNativeTarget "AutomationDemoTests" */ = {
			isa = XCConfigurationList;
			buildConfigurations = (
				C5D5CE5F22142AC30070860C /* Debug */,
				C5D5CE6022142AC30070860C /* Release */,
			);
			defaultConfigurationIsVisible = 0;
			defaultConfigurationName = Release;
		};
		C5D5CE9622143B0C0070860C /* Build configuration list for PBXNativeTarget "AutomationDemoUITests" */ = {
			isa = XCConfigurationList;
			buildConfigurations = (
				C5D5CE9722143B0C0070860C /* Debug */,
				C5D5CE9822143B0C0070860C /* Release */,
			);
			defaultConfigurationIsVisible = 0;
			defaultConfigurationName = Release;
		};
/* End XCConfigurationList section */
	};
	rootObject = C5D5CE3622142AC30070860C /* Project object */;
}
